// !$*UTF8*$!
{
	archiveVersion = 1;
	classes = {
	};
	objectVersion = 56;
	objects = {

/* Begin PBXBuildFile section */
		2A6D36AA29AC492E0035CF89 /* AlertDetail.swift in Sources */ = {isa = PBXBuildFile; fileRef = 2A6D36A929AC492E0035CF89 /* AlertDetail.swift */; };
		2A6D36AB29AC492E0035CF89 /* AlertDetail.swift in Sources */ = {isa = PBXBuildFile; fileRef = 2A6D36A929AC492E0035CF89 /* AlertDetail.swift */; };
		2A6D36AE29AC4B9B0035CF89 /* View+AlertView.swift in Sources */ = {isa = PBXBuildFile; fileRef = 2A6D36AD29AC4B9B0035CF89 /* View+AlertView.swift */; };
		2A6D36AF29AC4B9B0035CF89 /* View+AlertView.swift in Sources */ = {isa = PBXBuildFile; fileRef = 2A6D36AD29AC4B9B0035CF89 /* View+AlertView.swift */; };
		2A6D36B129AC51F10035CF89 /* CustomProgress.swift in Sources */ = {isa = PBXBuildFile; fileRef = 2A6D36B029AC51F10035CF89 /* CustomProgress.swift */; };
		2A6D36B229AC51F10035CF89 /* CustomProgress.swift in Sources */ = {isa = PBXBuildFile; fileRef = 2A6D36B029AC51F10035CF89 /* CustomProgress.swift */; };
		2A9C6BCE2975A3AF0036D498 /* CellView.swift in Sources */ = {isa = PBXBuildFile; fileRef = 2A9C6BCD2975A3AF0036D498 /* CellView.swift */; };
		2A9C6BD12975A8610036D498 /* String+Image.swift in Sources */ = {isa = PBXBuildFile; fileRef = 2A9C6BD02975A8610036D498 /* String+Image.swift */; };
		2A9C6BD22975A8610036D498 /* String+Image.swift in Sources */ = {isa = PBXBuildFile; fileRef = 2A9C6BD02975A8610036D498 /* String+Image.swift */; };
		2AA45BF2299B127600347067 /* Items.swift in Sources */ = {isa = PBXBuildFile; fileRef = 2AA45BF1299B127600347067 /* Items.swift */; };
		2AA45BF3299B127600347067 /* Items.swift in Sources */ = {isa = PBXBuildFile; fileRef = 2AA45BF1299B127600347067 /* Items.swift */; };
		2AA45BFC29A4546A00347067 /* ImageRepo.swift in Sources */ = {isa = PBXBuildFile; fileRef = 2AA45BFB29A4546A00347067 /* ImageRepo.swift */; };
		2AA45BFD29A4546A00347067 /* ImageRepo.swift in Sources */ = {isa = PBXBuildFile; fileRef = 2AA45BFB29A4546A00347067 /* ImageRepo.swift */; };
		2AA93A5F297E261A003A1966 /* ContentDetail.swift in Sources */ = {isa = PBXBuildFile; fileRef = 2AA93A5E297E261A003A1966 /* ContentDetail.swift */; };
		2AB07A9129B6DEA70091D233 /* ViewModelTests.swift in Sources */ = {isa = PBXBuildFile; fileRef = 2AB07A9029B6DEA70091D233 /* ViewModelTests.swift */; };
		2AB07A9329B6E0770091D233 /* MockNetworkSession.swift in Sources */ = {isa = PBXBuildFile; fileRef = 2AB07A9229B6E0770091D233 /* MockNetworkSession.swift */; };
		2AB2B67B2990A12900DC2A1E /* ViewModel.swift in Sources */ = {isa = PBXBuildFile; fileRef = 2AB2B67A2990A12900DC2A1E /* ViewModel.swift */; };
		2AB2B67C2990A12900DC2A1E /* ViewModel.swift in Sources */ = {isa = PBXBuildFile; fileRef = 2AB2B67A2990A12900DC2A1E /* ViewModel.swift */; };
		2AB2B67E2990A17000DC2A1E /* NetworkSession.swift in Sources */ = {isa = PBXBuildFile; fileRef = 2AB2B67D2990A17000DC2A1E /* NetworkSession.swift */; };
		2AB2B67F2990A17000DC2A1E /* NetworkSession.swift in Sources */ = {isa = PBXBuildFile; fileRef = 2AB2B67D2990A17000DC2A1E /* NetworkSession.swift */; };
		2AE92FFD29663D66003A462F /* LearnSwiftApp.swift in Sources */ = {isa = PBXBuildFile; fileRef = 2AE92FFC29663D66003A462F /* LearnSwiftApp.swift */; };
		2AE92FFF29663D66003A462F /* ContentView.swift in Sources */ = {isa = PBXBuildFile; fileRef = 2AE92FFE29663D66003A462F /* ContentView.swift */; };
		2AE9300129663D68003A462F /* Assets.xcassets in Resources */ = {isa = PBXBuildFile; fileRef = 2AE9300029663D68003A462F /* Assets.xcassets */; };
		2AE9300429663D68003A462F /* Preview Assets.xcassets in Resources */ = {isa = PBXBuildFile; fileRef = 2AE9300329663D68003A462F /* Preview Assets.xcassets */; };
/* End PBXBuildFile section */

/* Begin PBXContainerItemProxy section */
		2AE9300A29663D68003A462F /* PBXContainerItemProxy */ = {
			isa = PBXContainerItemProxy;
			containerPortal = 2AE92FF129663D66003A462F /* Project object */;
			proxyType = 1;
			remoteGlobalIDString = 2AE92FF829663D66003A462F;
			remoteInfo = LearnSwift;
		};
/* End PBXContainerItemProxy section */

/* Begin PBXFileReference section */
		2A6D36A929AC492E0035CF89 /* AlertDetail.swift */ = {isa = PBXFileReference; lastKnownFileType = sourcecode.swift; path = AlertDetail.swift; sourceTree = "<group>"; };
		2A6D36AD29AC4B9B0035CF89 /* View+AlertView.swift */ = {isa = PBXFileReference; lastKnownFileType = sourcecode.swift; path = "View+AlertView.swift"; sourceTree = "<group>"; };
		2A6D36B029AC51F10035CF89 /* CustomProgress.swift */ = {isa = PBXFileReference; lastKnownFileType = sourcecode.swift; path = CustomProgress.swift; sourceTree = "<group>"; };
		2A9C6BCD2975A3AF0036D498 /* CellView.swift */ = {isa = PBXFileReference; lastKnownFileType = sourcecode.swift; path = CellView.swift; sourceTree = "<group>"; };
		2A9C6BD02975A8610036D498 /* String+Image.swift */ = {isa = PBXFileReference; lastKnownFileType = sourcecode.swift; path = "String+Image.swift"; sourceTree = "<group>"; };
		2AA45BF1299B127600347067 /* Items.swift */ = {isa = PBXFileReference; lastKnownFileType = sourcecode.swift; path = Items.swift; sourceTree = "<group>"; };
		2AA45BFB29A4546A00347067 /* ImageRepo.swift */ = {isa = PBXFileReference; lastKnownFileType = sourcecode.swift; path = ImageRepo.swift; sourceTree = "<group>"; };
		2AA93A5E297E261A003A1966 /* ContentDetail.swift */ = {isa = PBXFileReference; lastKnownFileType = sourcecode.swift; path = ContentDetail.swift; sourceTree = "<group>"; };
		2AB07A9029B6DEA70091D233 /* ViewModelTests.swift */ = {isa = PBXFileReference; lastKnownFileType = sourcecode.swift; path = ViewModelTests.swift; sourceTree = "<group>"; };
		2AB07A9229B6E0770091D233 /* MockNetworkSession.swift */ = {isa = PBXFileReference; lastKnownFileType = sourcecode.swift; path = MockNetworkSession.swift; sourceTree = "<group>"; };
		2AB2B67A2990A12900DC2A1E /* ViewModel.swift */ = {isa = PBXFileReference; lastKnownFileType = sourcecode.swift; path = ViewModel.swift; sourceTree = "<group>"; };
		2AB2B67D2990A17000DC2A1E /* NetworkSession.swift */ = {isa = PBXFileReference; lastKnownFileType = sourcecode.swift; path = NetworkSession.swift; sourceTree = "<group>"; };
		2AE92FF929663D66003A462F /* LearnSwift.app */ = {isa = PBXFileReference; explicitFileType = wrapper.application; includeInIndex = 0; path = LearnSwift.app; sourceTree = BUILT_PRODUCTS_DIR; };
		2AE92FFC29663D66003A462F /* LearnSwiftApp.swift */ = {isa = PBXFileReference; lastKnownFileType = sourcecode.swift; path = LearnSwiftApp.swift; sourceTree = "<group>"; };
		2AE92FFE29663D66003A462F /* ContentView.swift */ = {isa = PBXFileReference; lastKnownFileType = sourcecode.swift; path = ContentView.swift; sourceTree = "<group>"; };
		2AE9300029663D68003A462F /* Assets.xcassets */ = {isa = PBXFileReference; lastKnownFileType = folder.assetcatalog; path = Assets.xcassets; sourceTree = "<group>"; };
		2AE9300329663D68003A462F /* Preview Assets.xcassets */ = {isa = PBXFileReference; lastKnownFileType = folder.assetcatalog; path = "Preview Assets.xcassets"; sourceTree = "<group>"; };
		2AE9300929663D68003A462F /* LearnSwiftTests.xctest */ = {isa = PBXFileReference; explicitFileType = wrapper.cfbundle; includeInIndex = 0; path = LearnSwiftTests.xctest; sourceTree = BUILT_PRODUCTS_DIR; };
/* End PBXFileReference section */

/* Begin PBXFrameworksBuildPhase section */
		2AE92FF629663D66003A462F /* Frameworks */ = {
			isa = PBXFrameworksBuildPhase;
			buildActionMask = 2147483647;
			files = (
			);
			runOnlyForDeploymentPostprocessing = 0;
		};
		2AE9300629663D68003A462F /* Frameworks */ = {
			isa = PBXFrameworksBuildPhase;
			buildActionMask = 2147483647;
			files = (
			);
			runOnlyForDeploymentPostprocessing = 0;
		};
/* End PBXFrameworksBuildPhase section */

/* Begin PBXGroup section */
		2A6D36AC29AC4B7C0035CF89 /* CustomView */ = {
			isa = PBXGroup;
			children = (
				2A6D36AD29AC4B9B0035CF89 /* View+AlertView.swift */,
				2A6D36B029AC51F10035CF89 /* CustomProgress.swift */,
			);
			path = CustomView;
			sourceTree = "<group>";
		};
		2A9C6BD32975A8670036D498 /* Extension */ = {
			isa = PBXGroup;
			children = (
				2A9C6BD02975A8610036D498 /* String+Image.swift */,
			);
			path = Extension;
			sourceTree = "<group>";
		};
		2AA45BF0299B125400347067 /* Model */ = {
			isa = PBXGroup;
			children = (
				2AA45BF1299B127600347067 /* Items.swift */,
				2A6D36A929AC492E0035CF89 /* AlertDetail.swift */,
			);
			path = Model;
			sourceTree = "<group>";
		};
		2AB2B6782990A0C900DC2A1E /* View */ = {
			isa = PBXGroup;
			children = (
				2A6D36AC29AC4B7C0035CF89 /* CustomView */,
				2AE92FFE29663D66003A462F /* ContentView.swift */,
				2AA93A5E297E261A003A1966 /* ContentDetail.swift */,
				2A9C6BCD2975A3AF0036D498 /* CellView.swift */,
			);
			path = View;
			sourceTree = "<group>";
		};
		2AB2B6792990A0CF00DC2A1E /* ViewModel */ = {
			isa = PBXGroup;
			children = (
				2AB2B67A2990A12900DC2A1E /* ViewModel.swift */,
				2AB2B67D2990A17000DC2A1E /* NetworkSession.swift */,
				2AA45BFB29A4546A00347067 /* ImageRepo.swift */,
			);
			path = ViewModel;
			sourceTree = "<group>";
		};
		2AE92FF029663D66003A462F = {
			isa = PBXGroup;
			children = (
				2AE92FFB29663D66003A462F /* LearnSwift */,
				2AE9300C29663D68003A462F /* LearnSwiftTests */,
				2AE92FFA29663D66003A462F /* Products */,
			);
			sourceTree = "<group>";
		};
		2AE92FFA29663D66003A462F /* Products */ = {
			isa = PBXGroup;
			children = (
				2AE92FF929663D66003A462F /* LearnSwift.app */,
				2AE9300929663D68003A462F /* LearnSwiftTests.xctest */,
			);
			name = Products;
			sourceTree = "<group>";
		};
		2AE92FFB29663D66003A462F /* LearnSwift */ = {
			isa = PBXGroup;
			children = (
				2AE92FFC29663D66003A462F /* LearnSwiftApp.swift */,
				2AA45BF0299B125400347067 /* Model */,
				2AB2B6782990A0C900DC2A1E /* View */,
				2AB2B6792990A0CF00DC2A1E /* ViewModel */,
				2AE9300029663D68003A462F /* Assets.xcassets */,
				2A9C6BD32975A8670036D498 /* Extension */,
				2AE9300229663D68003A462F /* Preview Content */,
			);
			path = LearnSwift;
			sourceTree = "<group>";
		};
		2AE9300229663D68003A462F /* Preview Content */ = {
			isa = PBXGroup;
			children = (
				2AE9300329663D68003A462F /* Preview Assets.xcassets */,
			);
			path = "Preview Content";
			sourceTree = "<group>";
		};
		2AE9300C29663D68003A462F /* LearnSwiftTests */ = {
			isa = PBXGroup;
			children = (
				2AB07A9029B6DEA70091D233 /* ViewModelTests.swift */,
				2AB07A9229B6E0770091D233 /* MockNetworkSession.swift */,
			);
			path = LearnSwiftTests;
			sourceTree = "<group>";
		};
/* End PBXGroup section */

/* Begin PBXNativeTarget section */
		2AE92FF829663D66003A462F /* LearnSwift */ = {
			isa = PBXNativeTarget;
			buildConfigurationList = 2AE9301D29663D68003A462F /* Build configuration list for PBXNativeTarget "LearnSwift" */;
			buildPhases = (
				2AE92FF529663D66003A462F /* Sources */,
				2AE92FF629663D66003A462F /* Frameworks */,
				2AE92FF729663D66003A462F /* Resources */,
			);
			buildRules = (
			);
			dependencies = (
			);
			name = LearnSwift;
			productName = LearnSwift;
			productReference = 2AE92FF929663D66003A462F /* LearnSwift.app */;
			productType = "com.apple.product-type.application";
		};
		2AE9300829663D68003A462F /* LearnSwiftTests */ = {
			isa = PBXNativeTarget;
			buildConfigurationList = 2AE9302029663D68003A462F /* Build configuration list for PBXNativeTarget "LearnSwiftTests" */;
			buildPhases = (
				2AE9300529663D68003A462F /* Sources */,
				2AE9300629663D68003A462F /* Frameworks */,
				2AE9300729663D68003A462F /* Resources */,
			);
			buildRules = (
			);
			dependencies = (
				2AE9300B29663D68003A462F /* PBXTargetDependency */,
			);
			name = LearnSwiftTests;
			productName = LearnSwiftTests;
			productReference = 2AE9300929663D68003A462F /* LearnSwiftTests.xctest */;
			productType = "com.apple.product-type.bundle.unit-test";
		};
/* End PBXNativeTarget section */

/* Begin PBXProject section */
		2AE92FF129663D66003A462F /* Project object */ = {
			isa = PBXProject;
			attributes = {
				BuildIndependentTargetsInParallel = 1;
				LastSwiftUpdateCheck = 1410;
				LastUpgradeCheck = 1410;
				TargetAttributes = {
					2AE92FF829663D66003A462F = {
						CreatedOnToolsVersion = 14.1;
					};
					2AE9300829663D68003A462F = {
						CreatedOnToolsVersion = 14.1;
						TestTargetID = 2AE92FF829663D66003A462F;
					};
				};
			};
			buildConfigurationList = 2AE92FF429663D66003A462F /* Build configuration list for PBXProject "LearnSwift" */;
			compatibilityVersion = "Xcode 14.0";
			developmentRegion = en;
			hasScannedForEncodings = 0;
			knownRegions = (
				en,
				Base,
			);
			mainGroup = 2AE92FF029663D66003A462F;
			productRefGroup = 2AE92FFA29663D66003A462F /* Products */;
			projectDirPath = "";
			projectRoot = "";
			targets = (
				2AE92FF829663D66003A462F /* LearnSwift */,
				2AE9300829663D68003A462F /* LearnSwiftTests */,
			);
		};
/* End PBXProject section */

/* Begin PBXResourcesBuildPhase section */
		2AE92FF729663D66003A462F /* Resources */ = {
			isa = PBXResourcesBuildPhase;
			buildActionMask = 2147483647;
			files = (
				2AE9300429663D68003A462F /* Preview Assets.xcassets in Resources */,
				2AE9300129663D68003A462F /* Assets.xcassets in Resources */,
			);
			runOnlyForDeploymentPostprocessing = 0;
		};
		2AE9300729663D68003A462F /* Resources */ = {
			isa = PBXResourcesBuildPhase;
			buildActionMask = 2147483647;
			files = (
			);
			runOnlyForDeploymentPostprocessing = 0;
		};
/* End PBXResourcesBuildPhase section */

/* Begin PBXSourcesBuildPhase section */
		2AE92FF529663D66003A462F /* Sources */ = {
			isa = PBXSourcesBuildPhase;
			buildActionMask = 2147483647;
			files = (
				2AA45BF2299B127600347067 /* Items.swift in Sources */,
				2A6D36AA29AC492E0035CF89 /* AlertDetail.swift in Sources */,
				2AB2B67E2990A17000DC2A1E /* NetworkSession.swift in Sources */,
				2A6D36B129AC51F10035CF89 /* CustomProgress.swift in Sources */,
				2A6D36AE29AC4B9B0035CF89 /* View+AlertView.swift in Sources */,
				2AA45BFC29A4546A00347067 /* ImageRepo.swift in Sources */,
				2AA93A5F297E261A003A1966 /* ContentDetail.swift in Sources */,
				2AE92FFF29663D66003A462F /* ContentView.swift in Sources */,
				2AE92FFD29663D66003A462F /* LearnSwiftApp.swift in Sources */,
				2A9C6BD12975A8610036D498 /* String+Image.swift in Sources */,
				2AB2B67B2990A12900DC2A1E /* ViewModel.swift in Sources */,
				2A9C6BCE2975A3AF0036D498 /* CellView.swift in Sources */,
			);
			runOnlyForDeploymentPostprocessing = 0;
		};
		2AE9300529663D68003A462F /* Sources */ = {
			isa = PBXSourcesBuildPhase;
			buildActionMask = 2147483647;
			files = (
				2A6D36AF29AC4B9B0035CF89 /* View+AlertView.swift in Sources */,
				2AA45BF3299B127600347067 /* Items.swift in Sources */,
				2A6D36B229AC51F10035CF89 /* CustomProgress.swift in Sources */,
				2AB2B67F2990A17000DC2A1E /* NetworkSession.swift in Sources */,
				2AB2B67C2990A12900DC2A1E /* ViewModel.swift in Sources */,
				2AB07A9129B6DEA70091D233 /* ViewModelTests.swift in Sources */,
				2A6D36AB29AC492E0035CF89 /* AlertDetail.swift in Sources */,
				2AB07A9329B6E0770091D233 /* MockNetworkSession.swift in Sources */,
				2A9C6BD22975A8610036D498 /* String+Image.swift in Sources */,
				2AA45BFD29A4546A00347067 /* ImageRepo.swift in Sources */,
			);
			runOnlyForDeploymentPostprocessing = 0;
		};
/* End PBXSourcesBuildPhase section */

/* Begin PBXTargetDependency section */
		2AE9300B29663D68003A462F /* PBXTargetDependency */ = {
			isa = PBXTargetDependency;
			target = 2AE92FF829663D66003A462F /* LearnSwift */;
			targetProxy = 2AE9300A29663D68003A462F /* PBXContainerItemProxy */;
		};
/* End PBXTargetDependency section */

/* Begin XCBuildConfiguration section */
		2AE9301B29663D68003A462F /* Debug */ = {
			isa = XCBuildConfiguration;
			buildSettings = {
				ALWAYS_SEARCH_USER_PATHS = NO;
				CLANG_ANALYZER_NONNULL = YES;
				CLANG_ANALYZER_NUMBER_OBJECT_CONVERSION = YES_AGGRESSIVE;
				CLANG_CXX_LANGUAGE_STANDARD = "gnu++20";
				CLANG_ENABLE_MODULES = YES;
				CLANG_ENABLE_OBJC_ARC = YES;
				CLANG_ENABLE_OBJC_WEAK = YES;
				CLANG_WARN_BLOCK_CAPTURE_AUTORELEASING = YES;
				CLANG_WARN_BOOL_CONVERSION = YES;
				CLANG_WARN_COMMA = YES;
				CLANG_WARN_CONSTANT_CONVERSION = YES;
				CLANG_WARN_DEPRECATED_OBJC_IMPLEMENTATIONS = YES;
				CLANG_WARN_DIRECT_OBJC_ISA_USAGE = YES_ERROR;
				CLANG_WARN_DOCUMENTATION_COMMENTS = YES;
				CLANG_WARN_EMPTY_BODY = YES;
				CLANG_WARN_ENUM_CONVERSION = YES;
				CLANG_WARN_INFINITE_RECURSION = YES;
				CLANG_WARN_INT_CONVERSION = YES;
				CLANG_WARN_NON_LITERAL_NULL_CONVERSION = YES;
				CLANG_WARN_OBJC_IMPLICIT_RETAIN_SELF = YES;
				CLANG_WARN_OBJC_LITERAL_CONVERSION = YES;
				CLANG_WARN_OBJC_ROOT_CLASS = YES_ERROR;
				CLANG_WARN_QUOTED_INCLUDE_IN_FRAMEWORK_HEADER = YES;
				CLANG_WARN_RANGE_LOOP_ANALYSIS = YES;
				CLANG_WARN_STRICT_PROTOTYPES = YES;
				CLANG_WARN_SUSPICIOUS_MOVE = YES;
				CLANG_WARN_UNGUARDED_AVAILABILITY = YES_AGGRESSIVE;
				CLANG_WARN_UNREACHABLE_CODE = YES;
				CLANG_WARN__DUPLICATE_METHOD_MATCH = YES;
				COPY_PHASE_STRIP = NO;
				DEBUG_INFORMATION_FORMAT = dwarf;
				ENABLE_STRICT_OBJC_MSGSEND = YES;
				ENABLE_TESTABILITY = YES;
				GCC_C_LANGUAGE_STANDARD = gnu11;
				GCC_DYNAMIC_NO_PIC = NO;
				GCC_NO_COMMON_BLOCKS = YES;
				GCC_OPTIMIZATION_LEVEL = 0;
				GCC_PREPROCESSOR_DEFINITIONS = (
					"DEBUG=1",
					"$(inherited)",
				);
				GCC_WARN_64_TO_32_BIT_CONVERSION = YES;
				GCC_WARN_ABOUT_RETURN_TYPE = YES_ERROR;
				GCC_WARN_UNDECLARED_SELECTOR = YES;
				GCC_WARN_UNINITIALIZED_AUTOS = YES_AGGRESSIVE;
				GCC_WARN_UNUSED_FUNCTION = YES;
				GCC_WARN_UNUSED_VARIABLE = YES;
				IPHONEOS_DEPLOYMENT_TARGET = 16.1;
				MTL_ENABLE_DEBUG_INFO = INCLUDE_SOURCE;
				MTL_FAST_MATH = YES;
				ONLY_ACTIVE_ARCH = YES;
				SDKROOT = iphoneos;
				SWIFT_ACTIVE_COMPILATION_CONDITIONS = DEBUG;
				SWIFT_OPTIMIZATION_LEVEL = "-Onone";
			};
			name = Debug;
		};
		2AE9301C29663D68003A462F /* Release */ = {
			isa = XCBuildConfiguration;
			buildSettings = {
				ALWAYS_SEARCH_USER_PATHS = NO;
				CLANG_ANALYZER_NONNULL = YES;
				CLANG_ANALYZER_NUMBER_OBJECT_CONVERSION = YES_AGGRESSIVE;
				CLANG_CXX_LANGUAGE_STANDARD = "gnu++20";
				CLANG_ENABLE_MODULES = YES;
				CLANG_ENABLE_OBJC_ARC = YES;
				CLANG_ENABLE_OBJC_WEAK = YES;
				CLANG_WARN_BLOCK_CAPTURE_AUTORELEASING = YES;
				CLANG_WARN_BOOL_CONVERSION = YES;
				CLANG_WARN_COMMA = YES;
				CLANG_WARN_CONSTANT_CONVERSION = YES;
				CLANG_WARN_DEPRECATED_OBJC_IMPLEMENTATIONS = YES;
				CLANG_WARN_DIRECT_OBJC_ISA_USAGE = YES_ERROR;
				CLANG_WARN_DOCUMENTATION_COMMENTS = YES;
				CLANG_WARN_EMPTY_BODY = YES;
				CLANG_WARN_ENUM_CONVERSION = YES;
				CLANG_WARN_INFINITE_RECURSION = YES;
				CLANG_WARN_INT_CONVERSION = YES;
				CLANG_WARN_NON_LITERAL_NULL_CONVERSION = YES;
				CLANG_WARN_OBJC_IMPLICIT_RETAIN_SELF = YES;
				CLANG_WARN_OBJC_LITERAL_CONVERSION = YES;
				CLANG_WARN_OBJC_ROOT_CLASS = YES_ERROR;
				CLANG_WARN_QUOTED_INCLUDE_IN_FRAMEWORK_HEADER = YES;
				CLANG_WARN_RANGE_LOOP_ANALYSIS = YES;
				CLANG_WARN_STRICT_PROTOTYPES = YES;
				CLANG_WARN_SUSPICIOUS_MOVE = YES;
				CLANG_WARN_UNGUARDED_AVAILABILITY = YES_AGGRESSIVE;
				CLANG_WARN_UNREACHABLE_CODE = YES;
				CLANG_WARN__DUPLICATE_METHOD_MATCH = YES;
				COPY_PHASE_STRIP = NO;
				DEBUG_INFORMATION_FORMAT = "dwarf-with-dsym";
				ENABLE_NS_ASSERTIONS = NO;
				ENABLE_STRICT_OBJC_MSGSEND = YES;
				GCC_C_LANGUAGE_STANDARD = gnu11;
				GCC_NO_COMMON_BLOCKS = YES;
				GCC_WARN_64_TO_32_BIT_CONVERSION = YES;
				GCC_WARN_ABOUT_RETURN_TYPE = YES_ERROR;
				GCC_WARN_UNDECLARED_SELECTOR = YES;
				GCC_WARN_UNINITIALIZED_AUTOS = YES_AGGRESSIVE;
				GCC_WARN_UNUSED_FUNCTION = YES;
				GCC_WARN_UNUSED_VARIABLE = YES;
				IPHONEOS_DEPLOYMENT_TARGET = 16.1;
				MTL_ENABLE_DEBUG_INFO = NO;
				MTL_FAST_MATH = YES;
				SDKROOT = iphoneos;
				SWIFT_COMPILATION_MODE = wholemodule;
				SWIFT_OPTIMIZATION_LEVEL = "-O";
				VALIDATE_PRODUCT = YES;
			};
			name = Release;
		};
		2AE9301E29663D68003A462F /* Debug */ = {
			isa = XCBuildConfiguration;
			buildSettings = {
				ASSETCATALOG_COMPILER_APPICON_NAME = AppIcon;
				ASSETCATALOG_COMPILER_GLOBAL_ACCENT_COLOR_NAME = AccentColor;
				CODE_SIGN_STYLE = Automatic;
				CURRENT_PROJECT_VERSION = 1;
				DEVELOPMENT_ASSET_PATHS = "\"LearnSwift/Preview Content\"";
				DEVELOPMENT_TEAM = R97P94E2EN;
				ENABLE_PREVIEWS = YES;
				GENERATE_INFOPLIST_FILE = YES;
				INFOPLIST_KEY_UIApplicationSceneManifest_Generation = YES;
				INFOPLIST_KEY_UIApplicationSupportsIndirectInputEvents = YES;
				INFOPLIST_KEY_UILaunchScreen_Generation = YES;
				INFOPLIST_KEY_UISupportedInterfaceOrientations_iPad = "UIInterfaceOrientationPortrait UIInterfaceOrientationPortraitUpsideDown UIInterfaceOrientationLandscapeLeft UIInterfaceOrientationLandscapeRight";
				INFOPLIST_KEY_UISupportedInterfaceOrientations_iPhone = "UIInterfaceOrientationPortrait UIInterfaceOrientationLandscapeLeft UIInterfaceOrientationLandscapeRight";
				LD_RUNPATH_SEARCH_PATHS = (
					"$(inherited)",
					"@executable_path/Frameworks",
				);
				MARKETING_VERSION = 1.0;
				PRODUCT_BUNDLE_IDENTIFIER = com.james.LearnSwift;
				PRODUCT_NAME = "$(TARGET_NAME)";
				SWIFT_EMIT_LOC_STRINGS = YES;
				SWIFT_VERSION = 5.0;
				TARGETED_DEVICE_FAMILY = "1,2";
			};
			name = Debug;
		};
		2AE9301F29663D68003A462F /* Release */ = {
			isa = XCBuildConfiguration;
			buildSettings = {
				ASSETCATALOG_COMPILER_APPICON_NAME = AppIcon;
				ASSETCATALOG_COMPILER_GLOBAL_ACCENT_COLOR_NAME = AccentColor;
				CODE_SIGN_STYLE = Automatic;
				CURRENT_PROJECT_VERSION = 1;
				DEVELOPMENT_ASSET_PATHS = "\"LearnSwift/Preview Content\"";
				DEVELOPMENT_TEAM = R97P94E2EN;
				ENABLE_PREVIEWS = YES;
				GENERATE_INFOPLIST_FILE = YES;
				INFOPLIST_KEY_UIApplicationSceneManifest_Generation = YES;
				INFOPLIST_KEY_UIApplicationSupportsIndirectInputEvents = YES;
				INFOPLIST_KEY_UILaunchScreen_Generation = YES;
				INFOPLIST_KEY_UISupportedInterfaceOrientations_iPad = "UIInterfaceOrientationPortrait UIInterfaceOrientationPortraitUpsideDown UIInterfaceOrientationLandscapeLeft UIInterfaceOrientationLandscapeRight";
				INFOPLIST_KEY_UISupportedInterfaceOrientations_iPhone = "UIInterfaceOrientationPortrait UIInterfaceOrientationLandscapeLeft UIInterfaceOrientationLandscapeRight";
				LD_RUNPATH_SEARCH_PATHS = (
					"$(inherited)",
					"@executable_path/Frameworks",
				);
				MARKETING_VERSION = 1.0;
				PRODUCT_BUNDLE_IDENTIFIER = com.james.LearnSwift;
				PRODUCT_NAME = "$(TARGET_NAME)";
				SWIFT_EMIT_LOC_STRINGS = YES;
				SWIFT_VERSION = 5.0;
				TARGETED_DEVICE_FAMILY = "1,2";
			};
			name = Release;
		};
		2AE9302129663D68003A462F /* Debug */ = {
			isa = XCBuildConfiguration;
			buildSettings = {
				ALWAYS_EMBED_SWIFT_STANDARD_LIBRARIES = YES;
				BUNDLE_LOADER = "$(TEST_HOST)";
				CODE_SIGN_STYLE = Automatic;
				CURRENT_PROJECT_VERSION = 1;
				DEVELOPMENT_TEAM = R97P94E2EN;
				GENERATE_INFOPLIST_FILE = YES;
				IPHONEOS_DEPLOYMENT_TARGET = 16.1;
				MARKETING_VERSION = 1.0;
				PRODUCT_BUNDLE_IDENTIFIER = com.james.LearnSwiftTests;
				PRODUCT_NAME = "$(TARGET_NAME)";
				SWIFT_EMIT_LOC_STRINGS = NO;
				SWIFT_VERSION = 5.0;
				TARGETED_DEVICE_FAMILY = "1,2";
				TEST_HOST = "$(BUILT_PRODUCTS_DIR)/LearnSwift.app/$(BUNDLE_EXECUTABLE_FOLDER_PATH)/LearnSwift";
			};
			name = Debug;
		};
		2AE9302229663D68003A462F /* Release */ = {
			isa = XCBuildConfiguration;
			buildSettings = {
				ALWAYS_EMBED_SWIFT_STANDARD_LIBRARIES = YES;
				BUNDLE_LOADER = "$(TEST_HOST)";
				CODE_SIGN_STYLE = Automatic;
				CURRENT_PROJECT_VERSION = 1;
				DEVELOPMENT_TEAM = R97P94E2EN;
				GENERATE_INFOPLIST_FILE = YES;
				IPHONEOS_DEPLOYMENT_TARGET = 16.1;
				MARKETING_VERSION = 1.0;
				PRODUCT_BUNDLE_IDENTIFIER = com.james.LearnSwiftTests;
				PRODUCT_NAME = "$(TARGET_NAME)";
				SWIFT_EMIT_LOC_STRINGS = NO;
				SWIFT_VERSION = 5.0;
				TARGETED_DEVICE_FAMILY = "1,2";
				TEST_HOST = "$(BUILT_PRODUCTS_DIR)/LearnSwift.app/$(BUNDLE_EXECUTABLE_FOLDER_PATH)/LearnSwift";
			};
			name = Release;
		};
/* End XCBuildConfiguration section */

/* Begin XCConfigurationList section */
		2AE92FF429663D66003A462F /* Build configuration list for PBXProject "LearnSwift" */ = {
			isa = XCConfigurationList;
			buildConfigurations = (
				2AE9301B29663D68003A462F /* Debug */,
				2AE9301C29663D68003A462F /* Release */,
			);
			defaultConfigurationIsVisible = 0;
			defaultConfigurationName = Release;
		};
		2AE9301D29663D68003A462F /* Build configuration list for PBXNativeTarget "LearnSwift" */ = {
			isa = XCConfigurationList;
			buildConfigurations = (
				2AE9301E29663D68003A462F /* Debug */,
				2AE9301F29663D68003A462F /* Release */,
			);
			defaultConfigurationIsVisible = 0;
			defaultConfigurationName = Release;
		};
		2AE9302029663D68003A462F /* Build configuration list for PBXNativeTarget "LearnSwiftTests" */ = {
			isa = XCConfigurationList;
			buildConfigurations = (
				2AE9302129663D68003A462F /* Debug */,
				2AE9302229663D68003A462F /* Release */,
			);
			defaultConfigurationIsVisible = 0;
			defaultConfigurationName = Release;
		};
/* End XCConfigurationList section */
	};
	rootObject = 2AE92FF129663D66003A462F /* Project object */;
}
