{
  "pins" : [
    {
      "identity" : "wallet-mobile-sdk",
      "kind" : "remoteSourceControl",
      "location" : "https://github.com/coinbase/wallet-mobile-sdk",
      "state" : {
        "revision" : "4aa89e682f8d7ab1515d85d0797f0d25306bb56a",
        "version" : "1.0.5"
      }
    }
  ],
  "version" : 2
}
