// !$*UTF8*$!
{
	archiveVersion = 1;
	classes = {
	};
	objectVersion = 56;
	objects = {

/* Begin PBXBuildFile section */
		2A100DDC2A2ECBD6008511B0 /* Item.swift in Sources */ = {isa = PBXBuildFile; fileRef = 2A100DDB2A2ECBD6008511B0 /* Item.swift */; };
		2A3102BA2A2EBE5B005C7A56 /* FirebaseFirestoreSwift in Frameworks */ = {isa = PBXBuildFile; productRef = 2A3102B92A2EBE5B005C7A56 /* FirebaseFirestoreSwift */; };
		2A3102BC2A2EC20F005C7A56 /* FirebaseDBManager.swift in Sources */ = {isa = PBXBuildFile; fileRef = 2A3102BB2A2EC20F005C7A56 /* FirebaseDBManager.swift */; };
		2A3102BF2A2EC4DB005C7A56 /* User.swift in Sources */ = {isa = PBXBuildFile; fileRef = 2A3102BE2A2EC4DB005C7A56 /* User.swift */; };
		2A3102C32A2EC5E3005C7A56 /* ShoppingListView.swift in Sources */ = {isa = PBXBuildFile; fileRef = 2A3102C22A2EC5E3005C7A56 /* ShoppingListView.swift */; };
		2A527BAC2A535F880045EADB /* ItemView_1.swift in Sources */ = {isa = PBXBuildFile; fileRef = 2A527BAB2A535F880045EADB /* ItemView_1.swift */; };
		2A527BAE2A535F960045EADB /* ItemView_2.swift in Sources */ = {isa = PBXBuildFile; fileRef = 2A527BAD2A535F960045EADB /* ItemView_2.swift */; };
		2A527BB02A5362230045EADB /* FirebaseRCManager.swift in Sources */ = {isa = PBXBuildFile; fileRef = 2A527BAF2A5362230045EADB /* FirebaseRCManager.swift */; };
		2A527BB22A5362890045EADB /* FirebaseRemoteConfigSwift in Frameworks */ = {isa = PBXBuildFile; productRef = 2A527BB12A5362890045EADB /* FirebaseRemoteConfigSwift */; };
		2AC904E02A3698D900F0E889 /* AddItemView.swift in Sources */ = {isa = PBXBuildFile; fileRef = 2AC904DF2A3698D900F0E889 /* AddItemView.swift */; };
		2AC9050B2A4A769500F0E889 /* FirebaseCrashlytics in Frameworks */ = {isa = PBXBuildFile; productRef = 2AC9050A2A4A769500F0E889 /* FirebaseCrashlytics */; };
		2AF9D7CE2A19B30B00CCCAC4 /* LearnFirebaseInSwiftUIApp.swift in Sources */ = {isa = PBXBuildFile; fileRef = 2AF9D7CD2A19B30B00CCCAC4 /* LearnFirebaseInSwiftUIApp.swift */; };
		2AF9D7D02A19B30B00CCCAC4 /* ContentView.swift in Sources */ = {isa = PBXBuildFile; fileRef = 2AF9D7CF2A19B30B00CCCAC4 /* ContentView.swift */; };
		2AF9D7D22A19B30C00CCCAC4 /* Assets.xcassets in Resources */ = {isa = PBXBuildFile; fileRef = 2AF9D7D12A19B30C00CCCAC4 /* Assets.xcassets */; };
		2AF9D7D52A19B30C00CCCAC4 /* Preview Assets.xcassets in Resources */ = {isa = PBXBuildFile; fileRef = 2AF9D7D42A19B30C00CCCAC4 /* Preview Assets.xcassets */; };
		2AF9D7DC2A19B6EB00CCCAC4 /* GoogleService-Info.plist in Resources */ = {isa = PBXBuildFile; fileRef = 2AF9D7DB2A19B6EA00CCCAC4 /* GoogleService-Info.plist */; };
		2AF9D7E02A19B89D00CCCAC4 /* FirebaseAnalyticsWithoutAdIdSupport in Frameworks */ = {isa = PBXBuildFile; productRef = 2AF9D7DF2A19B89D00CCCAC4 /* FirebaseAnalyticsWithoutAdIdSupport */; };
		2AF9D7E22A251D1300CCCAC4 /* FirebaseAuth in Frameworks */ = {isa = PBXBuildFile; productRef = 2AF9D7E12A251D1300CCCAC4 /* FirebaseAuth */; };
		2AF9D7E42A25205000CCCAC4 /* FirebaseManager.swift in Sources */ = {isa = PBXBuildFile; fileRef = 2AF9D7E32A25205000CCCAC4 /* FirebaseManager.swift */; };
		2AF9D7E72A252AF300CCCAC4 /* GoogleSignInSwift in Frameworks */ = {isa = PBXBuildFile; productRef = 2AF9D7E62A252AF300CCCAC4 /* GoogleSignInSwift */; };
		2AF9D7EA2A252CBF00CCCAC4 /* GoogleSignInView.swift in Sources */ = {isa = PBXBuildFile; fileRef = 2AF9D7E92A252CBF00CCCAC4 /* GoogleSignInView.swift */; };
		2AF9D7EC2A252D3D00CCCAC4 /* GoogleSignInViewController.swift in Sources */ = {isa = PBXBuildFile; fileRef = 2AF9D7EB2A252D3D00CCCAC4 /* GoogleSignInViewController.swift */; };
/* End PBXBuildFile section */

/* Begin PBXFileReference section */
		2A100DDB2A2ECBD6008511B0 /* Item.swift */ = {isa = PBXFileReference; lastKnownFileType = sourcecode.swift; path = Item.swift; sourceTree = "<group>"; };
		2A3102BB2A2EC20F005C7A56 /* FirebaseDBManager.swift */ = {isa = PBXFileReference; lastKnownFileType = sourcecode.swift; path = FirebaseDBManager.swift; sourceTree = "<group>"; };
		2A3102BE2A2EC4DB005C7A56 /* User.swift */ = {isa = PBXFileReference; lastKnownFileType = sourcecode.swift; path = User.swift; sourceTree = "<group>"; };
		2A3102C22A2EC5E3005C7A56 /* ShoppingListView.swift */ = {isa = PBXFileReference; lastKnownFileType = sourcecode.swift; path = ShoppingListView.swift; sourceTree = "<group>"; };
		2A527BAB2A535F880045EADB /* ItemView_1.swift */ = {isa = PBXFileReference; lastKnownFileType = sourcecode.swift; path = ItemView_1.swift; sourceTree = "<group>"; };
		2A527BAD2A535F960045EADB /* ItemView_2.swift */ = {isa = PBXFileReference; lastKnownFileType = sourcecode.swift; path = ItemView_2.swift; sourceTree = "<group>"; };
		2A527BAF2A5362230045EADB /* FirebaseRCManager.swift */ = {isa = PBXFileReference; lastKnownFileType = sourcecode.swift; path = FirebaseRCManager.swift; sourceTree = "<group>"; };
		2AC904DF2A3698D900F0E889 /* AddItemView.swift */ = {isa = PBXFileReference; lastKnownFileType = sourcecode.swift; path = AddItemView.swift; sourceTree = "<group>"; };
		2AF9D7CA2A19B30B00CCCAC4 /* LearnFirebaseInSwiftUI.app */ = {isa = PBXFileReference; explicitFileType = wrapper.application; includeInIndex = 0; path = LearnFirebaseInSwiftUI.app; sourceTree = BUILT_PRODUCTS_DIR; };
		2AF9D7CD2A19B30B00CCCAC4 /* LearnFirebaseInSwiftUIApp.swift */ = {isa = PBXFileReference; lastKnownFileType = sourcecode.swift; path = LearnFirebaseInSwiftUIApp.swift; sourceTree = "<group>"; };
		2AF9D7CF2A19B30B00CCCAC4 /* ContentView.swift */ = {isa = PBXFileReference; lastKnownFileType = sourcecode.swift; path = ContentView.swift; sourceTree = "<group>"; };
		2AF9D7D12A19B30C00CCCAC4 /* Assets.xcassets */ = {isa = PBXFileReference; lastKnownFileType = folder.assetcatalog; path = Assets.xcassets; sourceTree = "<group>"; };
		2AF9D7D42A19B30C00CCCAC4 /* Preview Assets.xcassets */ = {isa = PBXFileReference; lastKnownFileType = folder.assetcatalog; path = "Preview Assets.xcassets"; sourceTree = "<group>"; };
		2AF9D7DB2A19B6EA00CCCAC4 /* GoogleService-Info.plist */ = {isa = PBXFileReference; fileEncoding = 4; lastKnownFileType = text.plist.xml; path = "GoogleService-Info.plist"; sourceTree = "<group>"; };
		2AF9D7E32A25205000CCCAC4 /* FirebaseManager.swift */ = {isa = PBXFileReference; lastKnownFileType = sourcecode.swift; path = FirebaseManager.swift; sourceTree = "<group>"; };
		2AF9D7E82A252B9C00CCCAC4 /* Info.plist */ = {isa = PBXFileReference; lastKnownFileType = text.plist; path = Info.plist; sourceTree = "<group>"; };
		2AF9D7E92A252CBF00CCCAC4 /* GoogleSignInView.swift */ = {isa = PBXFileReference; lastKnownFileType = sourcecode.swift; path = GoogleSignInView.swift; sourceTree = "<group>"; };
		2AF9D7EB2A252D3D00CCCAC4 /* GoogleSignInViewController.swift */ = {isa = PBXFileReference; lastKnownFileType = sourcecode.swift; path = GoogleSignInViewController.swift; sourceTree = "<group>"; };
/* End PBXFileReference section */

/* Begin PBXFrameworksBuildPhase section */
		2AF9D7C72A19B30B00CCCAC4 /* Frameworks */ = {
			isa = PBXFrameworksBuildPhase;
			buildActionMask = 2147483647;
			files = (
				2AF9D7E72A252AF300CCCAC4 /* GoogleSignInSwift in Frameworks */,
				2AF9D7E02A19B89D00CCCAC4 /* FirebaseAnalyticsWithoutAdIdSupport in Frameworks */,
				2AC9050B2A4A769500F0E889 /* FirebaseCrashlytics in Frameworks */,
				2A527BB22A5362890045EADB /* FirebaseRemoteConfigSwift in Frameworks */,
				2AF9D7E22A251D1300CCCAC4 /* FirebaseAuth in Frameworks */,
				2A3102BA2A2EBE5B005C7A56 /* FirebaseFirestoreSwift in Frameworks */,
			);
			runOnlyForDeploymentPostprocessing = 0;
		};
/* End PBXFrameworksBuildPhase section */

/* Begin PBXGroup section */
		2A3102BD2A2EC4C4005C7A56 /* Model */ = {
			isa = PBXGroup;
			children = (
				2A3102BE2A2EC4DB005C7A56 /* User.swift */,
				2A100DDB2A2ECBD6008511B0 /* Item.swift */,
			);
			path = Model;
			sourceTree = "<group>";
		};
		2A3102C02A2EC5BA005C7A56 /* View */ = {
			isa = PBXGroup;
			children = (
				2AF9D7CF2A19B30B00CCCAC4 /* ContentView.swift */,
				2A3102C22A2EC5E3005C7A56 /* ShoppingListView.swift */,
				2AC904DF2A3698D900F0E889 /* AddItemView.swift */,
				2A527BAB2A535F880045EADB /* ItemView_1.swift */,
				2A527BAD2A535F960045EADB /* ItemView_2.swift */,
			);
			path = View;
			sourceTree = "<group>";
		};
		2A3102C12A2EC5CA005C7A56 /* ViewModel */ = {
			isa = PBXGroup;
			children = (
				2AF9D7E32A25205000CCCAC4 /* FirebaseManager.swift */,
				2A3102BB2A2EC20F005C7A56 /* FirebaseDBManager.swift */,
				2A527BAF2A5362230045EADB /* FirebaseRCManager.swift */,
			);
			path = ViewModel;
			sourceTree = "<group>";
		};
		2AF9D7C12A19B30B00CCCAC4 = {
			isa = PBXGroup;
			children = (
				2AF9D7CC2A19B30B00CCCAC4 /* LearnFirebaseInSwiftUI */,
				2AF9D7CB2A19B30B00CCCAC4 /* Products */,
				2AF9D7DE2A19B89D00CCCAC4 /* Frameworks */,
			);
			sourceTree = "<group>";
		};
		2AF9D7CB2A19B30B00CCCAC4 /* Products */ = {
			isa = PBXGroup;
			children = (
				2AF9D7CA2A19B30B00CCCAC4 /* LearnFirebaseInSwiftUI.app */,
			);
			name = Products;
			sourceTree = "<group>";
		};
		2AF9D7CC2A19B30B00CCCAC4 /* LearnFirebaseInSwiftUI */ = {
			isa = PBXGroup;
			children = (
				2AF9D7ED2A252EC900CCCAC4 /* GoogleSignIn */,
				2AF9D7E82A252B9C00CCCAC4 /* Info.plist */,
				2AF9D7DB2A19B6EA00CCCAC4 /* GoogleService-Info.plist */,
				2AF9D7CD2A19B30B00CCCAC4 /* LearnFirebaseInSwiftUIApp.swift */,
				2A3102BD2A2EC4C4005C7A56 /* Model */,
				2A3102C02A2EC5BA005C7A56 /* View */,
				2A3102C12A2EC5CA005C7A56 /* ViewModel */,
				2AF9D7D12A19B30C00CCCAC4 /* Assets.xcassets */,
				2AF9D7D32A19B30C00CCCAC4 /* Preview Content */,
			);
			path = LearnFirebaseInSwiftUI;
			sourceTree = "<group>";
		};
		2AF9D7D32A19B30C00CCCAC4 /* Preview Content */ = {
			isa = PBXGroup;
			children = (
				2AF9D7D42A19B30C00CCCAC4 /* Preview Assets.xcassets */,
			);
			path = "Preview Content";
			sourceTree = "<group>";
		};
		2AF9D7DE2A19B89D00CCCAC4 /* Frameworks */ = {
			isa = PBXGroup;
			children = (
			);
			name = Frameworks;
			sourceTree = "<group>";
		};
		2AF9D7ED2A252EC900CCCAC4 /* GoogleSignIn */ = {
			isa = PBXGroup;
			children = (
				2AF9D7E92A252CBF00CCCAC4 /* GoogleSignInView.swift */,
				2AF9D7EB2A252D3D00CCCAC4 /* GoogleSignInViewController.swift */,
			);
			path = GoogleSignIn;
			sourceTree = "<group>";
		};
/* End PBXGroup section */

/* Begin PBXNativeTarget section */
		2AF9D7C92A19B30B00CCCAC4 /* LearnFirebaseInSwiftUI */ = {
			isa = PBXNativeTarget;
			buildConfigurationList = 2AF9D7D82A19B30C00CCCAC4 /* Build configuration list for PBXNativeTarget "LearnFirebaseInSwiftUI" */;
			buildPhases = (
				2AF9D7C62A19B30B00CCCAC4 /* Sources */,
				2AF9D7C72A19B30B00CCCAC4 /* Frameworks */,
				2AF9D7C82A19B30B00CCCAC4 /* Resources */,
				2AC9050C2A4A774A00F0E889 /* Crashlytics */,
			);
			buildRules = (
			);
			dependencies = (
			);
			name = LearnFirebaseInSwiftUI;
			packageProductDependencies = (
				2AF9D7DF2A19B89D00CCCAC4 /* FirebaseAnalyticsWithoutAdIdSupport */,
				2AF9D7E12A251D1300CCCAC4 /* FirebaseAuth */,
				2AF9D7E62A252AF300CCCAC4 /* GoogleSignInSwift */,
				2A3102B92A2EBE5B005C7A56 /* FirebaseFirestoreSwift */,
				2AC9050A2A4A769500F0E889 /* FirebaseCrashlytics */,
				2A527BB12A5362890045EADB /* FirebaseRemoteConfigSwift */,
			);
			productName = LearnFirebaseInSwiftUI;
			productReference = 2AF9D7CA2A19B30B00CCCAC4 /* LearnFirebaseInSwiftUI.app */;
			productType = "com.apple.product-type.application";
		};
/* End PBXNativeTarget section */

/* Begin PBXProject section */
		2AF9D7C22A19B30B00CCCAC4 /* Project object */ = {
			isa = PBXProject;
			attributes = {
				BuildIndependentTargetsInParallel = 1;
				LastSwiftUpdateCheck = 1420;
				LastUpgradeCheck = 1420;
				TargetAttributes = {
					2AF9D7C92A19B30B00CCCAC4 = {
						CreatedOnToolsVersion = 14.2;
					};
				};
			};
			buildConfigurationList = 2AF9D7C52A19B30B00CCCAC4 /* Build configuration list for PBXProject "LearnFirebaseInSwiftUI" */;
			compatibilityVersion = "Xcode 14.0";
			developmentRegion = en;
			hasScannedForEncodings = 0;
			knownRegions = (
				en,
				Base,
			);
			mainGroup = 2AF9D7C12A19B30B00CCCAC4;
			packageReferences = (
				2AF9D7DD2A19B7B100CCCAC4 /* XCRemoteSwiftPackageReference "firebase-ios-sdk" */,
				2AF9D7E52A252AF300CCCAC4 /* XCRemoteSwiftPackageReference "GoogleSignIn-iOS" */,
			);
			productRefGroup = 2AF9D7CB2A19B30B00CCCAC4 /* Products */;
			projectDirPath = "";
			projectRoot = "";
			targets = (
				2AF9D7C92A19B30B00CCCAC4 /* LearnFirebaseInSwiftUI */,
			);
		};
/* End PBXProject section */

/* Begin PBXResourcesBuildPhase section */
		2AF9D7C82A19B30B00CCCAC4 /* Resources */ = {
			isa = PBXResourcesBuildPhase;
			buildActionMask = 2147483647;
			files = (
				2AF9D7D52A19B30C00CCCAC4 /* Preview Assets.xcassets in Resources */,
				2AF9D7D22A19B30C00CCCAC4 /* Assets.xcassets in Resources */,
				2AF9D7DC2A19B6EB00CCCAC4 /* GoogleService-Info.plist in Resources */,
			);
			runOnlyForDeploymentPostprocessing = 0;
		};
/* End PBXResourcesBuildPhase section */

/* Begin PBXShellScriptBuildPhase section */
		2AC9050C2A4A774A00F0E889 /* Crashlytics */ = {
			isa = PBXShellScriptBuildPhase;
			buildActionMask = 2147483647;
			files = (
			);
			inputFileListPaths = (
			);
			inputPaths = (
				"${DWARF_DSYM_FOLDER_PATH}/${DWARF_DSYM_FILE_NAME}/Contents/Resources/DWARF/${TARGET_NAME}",
				"$(SRCROOT)/$(BUILT_PRODUCTS_DIR)/$(INFOPLIST_PATH)",
			);
			name = Crashlytics;
			outputFileListPaths = (
			);
			outputPaths = (
			);
			runOnlyForDeploymentPostprocessing = 0;
			shellPath = /bin/sh;
			shellScript = "\"${BUILD_DIR%/Build/*}/SourcePackages/checkouts/firebase-ios-sdk/Crashlytics/run\"\n";
		};
/* End PBXShellScriptBuildPhase section */

/* Begin PBXSourcesBuildPhase section */
		2AF9D7C62A19B30B00CCCAC4 /* Sources */ = {
			isa = PBXSourcesBuildPhase;
			buildActionMask = 2147483647;
			files = (
				2A3102C32A2EC5E3005C7A56 /* ShoppingListView.swift in Sources */,
				2A100DDC2A2ECBD6008511B0 /* Item.swift in Sources */,
				2AF9D7E42A25205000CCCAC4 /* FirebaseManager.swift in Sources */,
				2AF9D7EC2A252D3D00CCCAC4 /* GoogleSignInViewController.swift in Sources */,
				2A3102BC2A2EC20F005C7A56 /* FirebaseDBManager.swift in Sources */,
				2AF9D7EA2A252CBF00CCCAC4 /* GoogleSignInView.swift in Sources */,
				2A527BAC2A535F880045EADB /* ItemView_1.swift in Sources */,
				2AF9D7D02A19B30B00CCCAC4 /* ContentView.swift in Sources */,
				2AF9D7CE2A19B30B00CCCAC4 /* LearnFirebaseInSwiftUIApp.swift in Sources */,
				2A3102BF2A2EC4DB005C7A56 /* User.swift in Sources */,
				2A527BAE2A535F960045EADB /* ItemView_2.swift in Sources */,
				2AC904E02A3698D900F0E889 /* AddItemView.swift in Sources */,
				2A527BB02A5362230045EADB /* FirebaseRCManager.swift in Sources */,
			);
			runOnlyForDeploymentPostprocessing = 0;
		};
/* End PBXSourcesBuildPhase section */

/* Begin XCBuildConfiguration section */
		2AF9D7D62A19B30C00CCCAC4 /* Debug */ = {
			isa = XCBuildConfiguration;
			buildSettings = {
				ALWAYS_SEARCH_USER_PATHS = NO;
				CLANG_ANALYZER_NONNULL = YES;
				CLANG_ANALYZER_NUMBER_OBJECT_CONVERSION = YES_AGGRESSIVE;
				CLANG_CXX_LANGUAGE_STANDARD = "gnu++20";
				CLANG_ENABLE_MODULES = YES;
				CLANG_ENABLE_OBJC_ARC = YES;
				CLANG_ENABLE_OBJC_WEAK = YES;
				CLANG_WARN_BLOCK_CAPTURE_AUTORELEASING = YES;
				CLANG_WARN_BOOL_CONVERSION = YES;
				CLANG_WARN_COMMA = YES;
				CLANG_WARN_CONSTANT_CONVERSION = YES;
				CLANG_WARN_DEPRECATED_OBJC_IMPLEMENTATIONS = YES;
				CLANG_WARN_DIRECT_OBJC_ISA_USAGE = YES_ERROR;
				CLANG_WARN_DOCUMENTATION_COMMENTS = YES;
				CLANG_WARN_EMPTY_BODY = YES;
				CLANG_WARN_ENUM_CONVERSION = YES;
				CLANG_WARN_INFINITE_RECURSION = YES;
				CLANG_WARN_INT_CONVERSION = YES;
				CLANG_WARN_NON_LITERAL_NULL_CONVERSION = YES;
				CLANG_WARN_OBJC_IMPLICIT_RETAIN_SELF = YES;
				CLANG_WARN_OBJC_LITERAL_CONVERSION = YES;
				CLANG_WARN_OBJC_ROOT_CLASS = YES_ERROR;
				CLANG_WARN_QUOTED_INCLUDE_IN_FRAMEWORK_HEADER = YES;
				CLANG_WARN_RANGE_LOOP_ANALYSIS = YES;
				CLANG_WARN_STRICT_PROTOTYPES = YES;
				CLANG_WARN_SUSPICIOUS_MOVE = YES;
				CLANG_WARN_UNGUARDED_AVAILABILITY = YES_AGGRESSIVE;
				CLANG_WARN_UNREACHABLE_CODE = YES;
				CLANG_WARN__DUPLICATE_METHOD_MATCH = YES;
				COPY_PHASE_STRIP = NO;
				DEBUG_INFORMATION_FORMAT = dwarf;
				ENABLE_STRICT_OBJC_MSGSEND = YES;
				ENABLE_TESTABILITY = YES;
				GCC_C_LANGUAGE_STANDARD = gnu11;
				GCC_DYNAMIC_NO_PIC = NO;
				GCC_NO_COMMON_BLOCKS = YES;
				GCC_OPTIMIZATION_LEVEL = 0;
				GCC_PREPROCESSOR_DEFINITIONS = (
					"DEBUG=1",
					"$(inherited)",
				);
				GCC_WARN_64_TO_32_BIT_CONVERSION = YES;
				GCC_WARN_ABOUT_RETURN_TYPE = YES_ERROR;
				GCC_WARN_UNDECLARED_SELECTOR = YES;
				GCC_WARN_UNINITIALIZED_AUTOS = YES_AGGRESSIVE;
				GCC_WARN_UNUSED_FUNCTION = YES;
				GCC_WARN_UNUSED_VARIABLE = YES;
				IPHONEOS_DEPLOYMENT_TARGET = 16.2;
				MTL_ENABLE_DEBUG_INFO = INCLUDE_SOURCE;
				MTL_FAST_MATH = YES;
				ONLY_ACTIVE_ARCH = YES;
				SDKROOT = iphoneos;
				SWIFT_ACTIVE_COMPILATION_CONDITIONS = DEBUG;
				SWIFT_OPTIMIZATION_LEVEL = "-Onone";
			};
			name = Debug;
		};
		2AF9D7D72A19B30C00CCCAC4 /* Release */ = {
			isa = XCBuildConfiguration;
			buildSettings = {
				ALWAYS_SEARCH_USER_PATHS = NO;
				CLANG_ANALYZER_NONNULL = YES;
				CLANG_ANALYZER_NUMBER_OBJECT_CONVERSION = YES_AGGRESSIVE;
				CLANG_CXX_LANGUAGE_STANDARD = "gnu++20";
				CLANG_ENABLE_MODULES = YES;
				CLANG_ENABLE_OBJC_ARC = YES;
				CLANG_ENABLE_OBJC_WEAK = YES;
				CLANG_WARN_BLOCK_CAPTURE_AUTORELEASING = YES;
				CLANG_WARN_BOOL_CONVERSION = YES;
				CLANG_WARN_COMMA = YES;
				CLANG_WARN_CONSTANT_CONVERSION = YES;
				CLANG_WARN_DEPRECATED_OBJC_IMPLEMENTATIONS = YES;
				CLANG_WARN_DIRECT_OBJC_ISA_USAGE = YES_ERROR;
				CLANG_WARN_DOCUMENTATION_COMMENTS = YES;
				CLANG_WARN_EMPTY_BODY = YES;
				CLANG_WARN_ENUM_CONVERSION = YES;
				CLANG_WARN_INFINITE_RECURSION = YES;
				CLANG_WARN_INT_CONVERSION = YES;
				CLANG_WARN_NON_LITERAL_NULL_CONVERSION = YES;
				CLANG_WARN_OBJC_IMPLICIT_RETAIN_SELF = YES;
				CLANG_WARN_OBJC_LITERAL_CONVERSION = YES;
				CLANG_WARN_OBJC_ROOT_CLASS = YES_ERROR;
				CLANG_WARN_QUOTED_INCLUDE_IN_FRAMEWORK_HEADER = YES;
				CLANG_WARN_RANGE_LOOP_ANALYSIS = YES;
				CLANG_WARN_STRICT_PROTOTYPES = YES;
				CLANG_WARN_SUSPICIOUS_MOVE = YES;
				CLANG_WARN_UNGUARDED_AVAILABILITY = YES_AGGRESSIVE;
				CLANG_WARN_UNREACHABLE_CODE = YES;
				CLANG_WARN__DUPLICATE_METHOD_MATCH = YES;
				COPY_PHASE_STRIP = NO;
				DEBUG_INFORMATION_FORMAT = "dwarf-with-dsym";
				ENABLE_NS_ASSERTIONS = NO;
				ENABLE_STRICT_OBJC_MSGSEND = YES;
				GCC_C_LANGUAGE_STANDARD = gnu11;
				GCC_NO_COMMON_BLOCKS = YES;
				GCC_WARN_64_TO_32_BIT_CONVERSION = YES;
				GCC_WARN_ABOUT_RETURN_TYPE = YES_ERROR;
				GCC_WARN_UNDECLARED_SELECTOR = YES;
				GCC_WARN_UNINITIALIZED_AUTOS = YES_AGGRESSIVE;
				GCC_WARN_UNUSED_FUNCTION = YES;
				GCC_WARN_UNUSED_VARIABLE = YES;
				IPHONEOS_DEPLOYMENT_TARGET = 16.2;
				MTL_ENABLE_DEBUG_INFO = NO;
				MTL_FAST_MATH = YES;
				SDKROOT = iphoneos;
				SWIFT_COMPILATION_MODE = wholemodule;
				SWIFT_OPTIMIZATION_LEVEL = "-O";
				VALIDATE_PRODUCT = YES;
			};
			name = Release;
		};
		2AF9D7D92A19B30C00CCCAC4 /* Debug */ = {
			isa = XCBuildConfiguration;
			buildSettings = {
				ASSETCATALOG_COMPILER_APPICON_NAME = AppIcon;
				ASSETCATALOG_COMPILER_GLOBAL_ACCENT_COLOR_NAME = AccentColor;
				CODE_SIGN_STYLE = Automatic;
				CURRENT_PROJECT_VERSION = 1;
				DEBUG_INFORMATION_FORMAT = "dwarf-with-dsym";
				DEVELOPMENT_ASSET_PATHS = "\"LearnFirebaseInSwiftUI/Preview Content\"";
				DEVELOPMENT_TEAM = YF67887TJ3;
				ENABLE_PREVIEWS = YES;
				GENERATE_INFOPLIST_FILE = YES;
				INFOPLIST_FILE = LearnFirebaseInSwiftUI/Info.plist;
				INFOPLIST_KEY_UIApplicationSceneManifest_Generation = YES;
				INFOPLIST_KEY_UIApplicationSupportsIndirectInputEvents = YES;
				INFOPLIST_KEY_UILaunchScreen_Generation = YES;
				INFOPLIST_KEY_UISupportedInterfaceOrientations_iPad = "UIInterfaceOrientationPortrait UIInterfaceOrientationPortraitUpsideDown UIInterfaceOrientationLandscapeLeft UIInterfaceOrientationLandscapeRight";
				INFOPLIST_KEY_UISupportedInterfaceOrientations_iPhone = "UIInterfaceOrientationPortrait UIInterfaceOrientationLandscapeLeft UIInterfaceOrientationLandscapeRight";
				LD_RUNPATH_SEARCH_PATHS = (
					"$(inherited)",
					"@executable_path/Frameworks",
				);
				MARKETING_VERSION = 1.0;
				PRODUCT_BUNDLE_IDENTIFIER = com.learnfirebaseinswiftui.LearnFirebaseInSwiftUI;
				PRODUCT_NAME = "$(TARGET_NAME)";
				SWIFT_EMIT_LOC_STRINGS = YES;
				SWIFT_VERSION = 5.0;
				TARGETED_DEVICE_FAMILY = "1,2";
			};
			name = Debug;
		};
		2AF9D7DA2A19B30C00CCCAC4 /* Release */ = {
			isa = XCBuildConfiguration;
			buildSettings = {
				ASSETCATALOG_COMPILER_APPICON_NAME = AppIcon;
				ASSETCATALOG_COMPILER_GLOBAL_ACCENT_COLOR_NAME = AccentColor;
				CODE_SIGN_STYLE = Automatic;
				CURRENT_PROJECT_VERSION = 1;
				DEBUG_INFORMATION_FORMAT = "dwarf-with-dsym";
				DEVELOPMENT_ASSET_PATHS = "\"LearnFirebaseInSwiftUI/Preview Content\"";
				DEVELOPMENT_TEAM = YF67887TJ3;
				ENABLE_PREVIEWS = YES;
				GENERATE_INFOPLIST_FILE = YES;
				INFOPLIST_FILE = LearnFirebaseInSwiftUI/Info.plist;
				INFOPLIST_KEY_UIApplicationSceneManifest_Generation = YES;
				INFOPLIST_KEY_UIApplicationSupportsIndirectInputEvents = YES;
				INFOPLIST_KEY_UILaunchScreen_Generation = YES;
				INFOPLIST_KEY_UISupportedInterfaceOrientations_iPad = "UIInterfaceOrientationPortrait UIInterfaceOrientationPortraitUpsideDown UIInterfaceOrientationLandscapeLeft UIInterfaceOrientationLandscapeRight";
				INFOPLIST_KEY_UISupportedInterfaceOrientations_iPhone = "UIInterfaceOrientationPortrait UIInterfaceOrientationLandscapeLeft UIInterfaceOrientationLandscapeRight";
				LD_RUNPATH_SEARCH_PATHS = (
					"$(inherited)",
					"@executable_path/Frameworks",
				);
				MARKETING_VERSION = 1.0;
				PRODUCT_BUNDLE_IDENTIFIER = com.learnfirebaseinswiftui.LearnFirebaseInSwiftUI;
				PRODUCT_NAME = "$(TARGET_NAME)";
				SWIFT_EMIT_LOC_STRINGS = YES;
				SWIFT_VERSION = 5.0;
				TARGETED_DEVICE_FAMILY = "1,2";
			};
			name = Release;
		};
/* End XCBuildConfiguration section */

/* Begin XCConfigurationList section */
		2AF9D7C52A19B30B00CCCAC4 /* Build configuration list for PBXProject "LearnFirebaseInSwiftUI" */ = {
			isa = XCConfigurationList;
			buildConfigurations = (
				2AF9D7D62A19B30C00CCCAC4 /* Debug */,
				2AF9D7D72A19B30C00CCCAC4 /* Release */,
			);
			defaultConfigurationIsVisible = 0;
			defaultConfigurationName = Release;
		};
		2AF9D7D82A19B30C00CCCAC4 /* Build configuration list for PBXNativeTarget "LearnFirebaseInSwiftUI" */ = {
			isa = XCConfigurationList;
			buildConfigurations = (
				2AF9D7D92A19B30C00CCCAC4 /* Debug */,
				2AF9D7DA2A19B30C00CCCAC4 /* Release */,
			);
			defaultConfigurationIsVisible = 0;
			defaultConfigurationName = Release;
		};
/* End XCConfigurationList section */

/* Begin XCRemoteSwiftPackageReference section */
		2AF9D7DD2A19B7B100CCCAC4 /* XCRemoteSwiftPackageReference "firebase-ios-sdk" */ = {
			isa = XCRemoteSwiftPackageReference;
			repositoryURL = "https://github.com/firebase/firebase-ios-sdk.git";
			requirement = {
				kind = upToNextMinorVersion;
				minimumVersion = 9.6.0;
			};
		};
		2AF9D7E52A252AF300CCCAC4 /* XCRemoteSwiftPackageReference "GoogleSignIn-iOS" */ = {
			isa = XCRemoteSwiftPackageReference;
			repositoryURL = "https://github.com/google/GoogleSignIn-iOS";
			requirement = {
				kind = upToNextMinorVersion;
				minimumVersion = 7.0.0;
			};
		};
/* End XCRemoteSwiftPackageReference section */

/* Begin XCSwiftPackageProductDependency section */
		2A3102B92A2EBE5B005C7A56 /* FirebaseFirestoreSwift */ = {
			isa = XCSwiftPackageProductDependency;
			package = 2AF9D7DD2A19B7B100CCCAC4 /* XCRemoteSwiftPackageReference "firebase-ios-sdk" */;
			productName = FirebaseFirestoreSwift;
		};
		2A527BB12A5362890045EADB /* FirebaseRemoteConfigSwift */ = {
			isa = XCSwiftPackageProductDependency;
			package = 2AF9D7DD2A19B7B100CCCAC4 /* XCRemoteSwiftPackageReference "firebase-ios-sdk" */;
			productName = FirebaseRemoteConfigSwift;
		};
		2AC9050A2A4A769500F0E889 /* FirebaseCrashlytics */ = {
			isa = XCSwiftPackageProductDependency;
			package = 2AF9D7DD2A19B7B100CCCAC4 /* XCRemoteSwiftPackageReference "firebase-ios-sdk" */;
			productName = FirebaseCrashlytics;
		};
		2AF9D7DF2A19B89D00CCCAC4 /* FirebaseAnalyticsWithoutAdIdSupport */ = {
			isa = XCSwiftPackageProductDependency;
			package = 2AF9D7DD2A19B7B100CCCAC4 /* XCRemoteSwiftPackageReference "firebase-ios-sdk" */;
			productName = FirebaseAnalyticsWithoutAdIdSupport;
		};
		2AF9D7E12A251D1300CCCAC4 /* FirebaseAuth */ = {
			isa = XCSwiftPackageProductDependency;
			package = 2AF9D7DD2A19B7B100CCCAC4 /* XCRemoteSwiftPackageReference "firebase-ios-sdk" */;
			productName = FirebaseAuth;
		};
		2AF9D7E62A252AF300CCCAC4 /* GoogleSignInSwift */ = {
			isa = XCSwiftPackageProductDependency;
			package = 2AF9D7E52A252AF300CCCAC4 /* XCRemoteSwiftPackageReference "GoogleSignIn-iOS" */;
			productName = GoogleSignInSwift;
		};
/* End XCSwiftPackageProductDependency section */
	};
	rootObject = 2AF9D7C22A19B30B00CCCAC4 /* Project object */;
}
