// !$*UTF8*$!
{
	archiveVersion = 1;
	classes = {
	};
	objectVersion = 56;
	objects = {

/* Begin PBXBuildFile section */
		2A439AB82A94527400325524 /* metamask-ios-sdk in Frameworks */ = {isa = PBXBuildFile; productRef = 2A439AB72A94527400325524 /* metamask-ios-sdk */; };
		2A439ABC2A94534200325524 /* MetaMaskRepo.swift in Sources */ = {isa = PBXBuildFile; fileRef = 2A439ABB2A94534200325524 /* MetaMaskRepo.swift */; };
		2A439ABF2A94555800325524 /* Starscream in Frameworks */ = {isa = PBXBuildFile; productRef = 2A439ABE2A94555800325524 /* Starscream */; };
		2ABD32E72A944E2900E08D5E /* MetaSwiftUIApp.swift in Sources */ = {isa = PBXBuildFile; fileRef = 2ABD32E62A944E2900E08D5E /* MetaSwiftUIApp.swift */; };
		2ABD32E92A944E2900E08D5E /* ContentView.swift in Sources */ = {isa = PBXBuildFile; fileRef = 2ABD32E82A944E2900E08D5E /* ContentView.swift */; };
		2ABD32EB2A944E2A00E08D5E /* Assets.xcassets in Resources */ = {isa = PBXBuildFile; fileRef = 2ABD32EA2A944E2A00E08D5E /* Assets.xcassets */; };
		2ABD32EE2A944E2A00E08D5E /* Preview Assets.xcassets in Resources */ = {isa = PBXBuildFile; fileRef = 2ABD32ED2A944E2A00E08D5E /* Preview Assets.xcassets */; };
/* End PBXBuildFile section */

/* Begin PBXFileReference section */
		2A439ABB2A94534200325524 /* MetaMaskRepo.swift */ = {isa = PBXFileReference; lastKnownFileType = sourcecode.swift; path = MetaMaskRepo.swift; sourceTree = "<group>"; };
		2ABD32E32A944E2900E08D5E /* MetaSwiftUI.app */ = {isa = PBXFileReference; explicitFileType = wrapper.application; includeInIndex = 0; path = MetaSwiftUI.app; sourceTree = BUILT_PRODUCTS_DIR; };
		2ABD32E62A944E2900E08D5E /* MetaSwiftUIApp.swift */ = {isa = PBXFileReference; lastKnownFileType = sourcecode.swift; path = MetaSwiftUIApp.swift; sourceTree = "<group>"; };
		2ABD32E82A944E2900E08D5E /* ContentView.swift */ = {isa = PBXFileReference; lastKnownFileType = sourcecode.swift; path = ContentView.swift; sourceTree = "<group>"; };
		2ABD32EA2A944E2A00E08D5E /* Assets.xcassets */ = {isa = PBXFileReference; lastKnownFileType = folder.assetcatalog; path = Assets.xcassets; sourceTree = "<group>"; };
		2ABD32ED2A944E2A00E08D5E /* Preview Assets.xcassets */ = {isa = PBXFileReference; lastKnownFileType = folder.assetcatalog; path = "Preview Assets.xcassets"; sourceTree = "<group>"; };
/* End PBXFileReference section */

/* Begin PBXFrameworksBuildPhase section */
		2ABD32E02A944E2900E08D5E /* Frameworks */ = {
			isa = PBXFrameworksBuildPhase;
			buildActionMask = 2147483647;
			files = (
				2A439AB82A94527400325524 /* metamask-ios-sdk in Frameworks */,
				2A439ABF2A94555800325524 /* Starscream in Frameworks */,
			);
			runOnlyForDeploymentPostprocessing = 0;
		};
/* End PBXFrameworksBuildPhase section */

/* Begin PBXGroup section */
		2A439AB92A94531400325524 /* ViewModel */ = {
			isa = PBXGroup;
			children = (
				2A439ABB2A94534200325524 /* MetaMaskRepo.swift */,
			);
			path = ViewModel;
			sourceTree = "<group>";
		};
		2A439ABA2A94531D00325524 /* View */ = {
			isa = PBXGroup;
			children = (
				2ABD32E82A944E2900E08D5E /* ContentView.swift */,
			);
			path = View;
			sourceTree = "<group>";
		};
		2ABD32DA2A944E2900E08D5E = {
			isa = PBXGroup;
			children = (
				2ABD32E52A944E2900E08D5E /* MetaSwiftUI */,
				2ABD32E42A944E2900E08D5E /* Products */,
			);
			sourceTree = "<group>";
		};
		2ABD32E42A944E2900E08D5E /* Products */ = {
			isa = PBXGroup;
			children = (
				2ABD32E32A944E2900E08D5E /* MetaSwiftUI.app */,
			);
			name = Products;
			sourceTree = "<group>";
		};
		2ABD32E52A944E2900E08D5E /* MetaSwiftUI */ = {
			isa = PBXGroup;
			children = (
				2ABD32E62A944E2900E08D5E /* MetaSwiftUIApp.swift */,
				2A439ABA2A94531D00325524 /* View */,
				2A439AB92A94531400325524 /* ViewModel */,
				2ABD32EA2A944E2A00E08D5E /* Assets.xcassets */,
				2ABD32EC2A944E2A00E08D5E /* Preview Content */,
			);
			path = MetaSwiftUI;
			sourceTree = "<group>";
		};
		2ABD32EC2A944E2A00E08D5E /* Preview Content */ = {
			isa = PBXGroup;
			children = (
				2ABD32ED2A944E2A00E08D5E /* Preview Assets.xcassets */,
			);
			path = "Preview Content";
			sourceTree = "<group>";
		};
/* End PBXGroup section */

/* Begin PBXNativeTarget section */
		2ABD32E22A944E2900E08D5E /* MetaSwiftUI */ = {
			isa = PBXNativeTarget;
			buildConfigurationList = 2ABD32F12A944E2A00E08D5E /* Build configuration list for PBXNativeTarget "MetaSwiftUI" */;
			buildPhases = (
				2ABD32DF2A944E2900E08D5E /* Sources */,
				2ABD32E02A944E2900E08D5E /* Frameworks */,
				2ABD32E12A944E2900E08D5E /* Resources */,
			);
			buildRules = (
			);
			dependencies = (
			);
			name = MetaSwiftUI;
			packageProductDependencies = (
				2A439AB72A94527400325524 /* metamask-ios-sdk */,
				2A439ABE2A94555800325524 /* Starscream */,
			);
			productName = MetaSwiftUI;
			productReference = 2ABD32E32A944E2900E08D5E /* MetaSwiftUI.app */;
			productType = "com.apple.product-type.application";
		};
/* End PBXNativeTarget section */

/* Begin PBXProject section */
		2ABD32DB2A944E2900E08D5E /* Project object */ = {
			isa = PBXProject;
			attributes = {
				BuildIndependentTargetsInParallel = 1;
				LastSwiftUpdateCheck = 1430;
				LastUpgradeCheck = 1430;
				TargetAttributes = {
					2ABD32E22A944E2900E08D5E = {
						CreatedOnToolsVersion = 14.3.1;
					};
				};
			};
			buildConfigurationList = 2ABD32DE2A944E2900E08D5E /* Build configuration list for PBXProject "MetaSwiftUI" */;
			compatibilityVersion = "Xcode 14.0";
			developmentRegion = en;
			hasScannedForEncodings = 0;
			knownRegions = (
				en,
				Base,
			);
			mainGroup = 2ABD32DA2A944E2900E08D5E;
			packageReferences = (
				2A439AB62A94527400325524 /* XCRemoteSwiftPackageReference "metamask-ios-sdk" */,
				2A439ABD2A94555800325524 /* XCRemoteSwiftPackageReference "Starscream" */,
			);
			productRefGroup = 2ABD32E42A944E2900E08D5E /* Products */;
			projectDirPath = "";
			projectRoot = "";
			targets = (
				2ABD32E22A944E2900E08D5E /* MetaSwiftUI */,
			);
		};
/* End PBXProject section */

/* Begin PBXResourcesBuildPhase section */
		2ABD32E12A944E2900E08D5E /* Resources */ = {
			isa = PBXResourcesBuildPhase;
			buildActionMask = 2147483647;
			files = (
				2ABD32EE2A944E2A00E08D5E /* Preview Assets.xcassets in Resources */,
				2ABD32EB2A944E2A00E08D5E /* Assets.xcassets in Resources */,
			);
			runOnlyForDeploymentPostprocessing = 0;
		};
/* End PBXResourcesBuildPhase section */

/* Begin PBXSourcesBuildPhase section */
		2ABD32DF2A944E2900E08D5E /* Sources */ = {
			isa = PBXSourcesBuildPhase;
			buildActionMask = 2147483647;
			files = (
				2ABD32E92A944E2900E08D5E /* ContentView.swift in Sources */,
				2ABD32E72A944E2900E08D5E /* MetaSwiftUIApp.swift in Sources */,
				2A439ABC2A94534200325524 /* MetaMaskRepo.swift in Sources */,
			);
			runOnlyForDeploymentPostprocessing = 0;
		};
/* End PBXSourcesBuildPhase section */

/* Begin XCBuildConfiguration section */
		2ABD32EF2A944E2A00E08D5E /* Debug */ = {
			isa = XCBuildConfiguration;
			buildSettings = {
				ALWAYS_SEARCH_USER_PATHS = NO;
				CLANG_ANALYZER_NONNULL = YES;
				CLANG_ANALYZER_NUMBER_OBJECT_CONVERSION = YES_AGGRESSIVE;
				CLANG_CXX_LANGUAGE_STANDARD = "gnu++20";
				CLANG_ENABLE_MODULES = YES;
				CLANG_ENABLE_OBJC_ARC = YES;
				CLANG_ENABLE_OBJC_WEAK = YES;
				CLANG_WARN_BLOCK_CAPTURE_AUTORELEASING = YES;
				CLANG_WARN_BOOL_CONVERSION = YES;
				CLANG_WARN_COMMA = YES;
				CLANG_WARN_CONSTANT_CONVERSION = YES;
				CLANG_WARN_DEPRECATED_OBJC_IMPLEMENTATIONS = YES;
				CLANG_WARN_DIRECT_OBJC_ISA_USAGE = YES_ERROR;
				CLANG_WARN_DOCUMENTATION_COMMENTS = YES;
				CLANG_WARN_EMPTY_BODY = YES;
				CLANG_WARN_ENUM_CONVERSION = YES;
				CLANG_WARN_INFINITE_RECURSION = YES;
				CLANG_WARN_INT_CONVERSION = YES;
				CLANG_WARN_NON_LITERAL_NULL_CONVERSION = YES;
				CLANG_WARN_OBJC_IMPLICIT_RETAIN_SELF = YES;
				CLANG_WARN_OBJC_LITERAL_CONVERSION = YES;
				CLANG_WARN_OBJC_ROOT_CLASS = YES_ERROR;
				CLANG_WARN_QUOTED_INCLUDE_IN_FRAMEWORK_HEADER = YES;
				CLANG_WARN_RANGE_LOOP_ANALYSIS = YES;
				CLANG_WARN_STRICT_PROTOTYPES = YES;
				CLANG_WARN_SUSPICIOUS_MOVE = YES;
				CLANG_WARN_UNGUARDED_AVAILABILITY = YES_AGGRESSIVE;
				CLANG_WARN_UNREACHABLE_CODE = YES;
				CLANG_WARN__DUPLICATE_METHOD_MATCH = YES;
				COPY_PHASE_STRIP = NO;
				DEBUG_INFORMATION_FORMAT = dwarf;
				ENABLE_STRICT_OBJC_MSGSEND = YES;
				ENABLE_TESTABILITY = YES;
				GCC_C_LANGUAGE_STANDARD = gnu11;
				GCC_DYNAMIC_NO_PIC = NO;
				GCC_NO_COMMON_BLOCKS = YES;
				GCC_OPTIMIZATION_LEVEL = 0;
				GCC_PREPROCESSOR_DEFINITIONS = (
					"DEBUG=1",
					"$(inherited)",
				);
				GCC_WARN_64_TO_32_BIT_CONVERSION = YES;
				GCC_WARN_ABOUT_RETURN_TYPE = YES_ERROR;
				GCC_WARN_UNDECLARED_SELECTOR = YES;
				GCC_WARN_UNINITIALIZED_AUTOS = YES_AGGRESSIVE;
				GCC_WARN_UNUSED_FUNCTION = YES;
				GCC_WARN_UNUSED_VARIABLE = YES;
				IPHONEOS_DEPLOYMENT_TARGET = 16.4;
				MTL_ENABLE_DEBUG_INFO = INCLUDE_SOURCE;
				MTL_FAST_MATH = YES;
				ONLY_ACTIVE_ARCH = YES;
				SDKROOT = iphoneos;
				SWIFT_ACTIVE_COMPILATION_CONDITIONS = DEBUG;
				SWIFT_OPTIMIZATION_LEVEL = "-Onone";
			};
			name = Debug;
		};
		2ABD32F02A944E2A00E08D5E /* Release */ = {
			isa = XCBuildConfiguration;
			buildSettings = {
				ALWAYS_SEARCH_USER_PATHS = NO;
				CLANG_ANALYZER_NONNULL = YES;
				CLANG_ANALYZER_NUMBER_OBJECT_CONVERSION = YES_AGGRESSIVE;
				CLANG_CXX_LANGUAGE_STANDARD = "gnu++20";
				CLANG_ENABLE_MODULES = YES;
				CLANG_ENABLE_OBJC_ARC = YES;
				CLANG_ENABLE_OBJC_WEAK = YES;
				CLANG_WARN_BLOCK_CAPTURE_AUTORELEASING = YES;
				CLANG_WARN_BOOL_CONVERSION = YES;
				CLANG_WARN_COMMA = YES;
				CLANG_WARN_CONSTANT_CONVERSION = YES;
				CLANG_WARN_DEPRECATED_OBJC_IMPLEMENTATIONS = YES;
				CLANG_WARN_DIRECT_OBJC_ISA_USAGE = YES_ERROR;
				CLANG_WARN_DOCUMENTATION_COMMENTS = YES;
				CLANG_WARN_EMPTY_BODY = YES;
				CLANG_WARN_ENUM_CONVERSION = YES;
				CLANG_WARN_INFINITE_RECURSION = YES;
				CLANG_WARN_INT_CONVERSION = YES;
				CLANG_WARN_NON_LITERAL_NULL_CONVERSION = YES;
				CLANG_WARN_OBJC_IMPLICIT_RETAIN_SELF = YES;
				CLANG_WARN_OBJC_LITERAL_CONVERSION = YES;
				CLANG_WARN_OBJC_ROOT_CLASS = YES_ERROR;
				CLANG_WARN_QUOTED_INCLUDE_IN_FRAMEWORK_HEADER = YES;
				CLANG_WARN_RANGE_LOOP_ANALYSIS = YES;
				CLANG_WARN_STRICT_PROTOTYPES = YES;
				CLANG_WARN_SUSPICIOUS_MOVE = YES;
				CLANG_WARN_UNGUARDED_AVAILABILITY = YES_AGGRESSIVE;
				CLANG_WARN_UNREACHABLE_CODE = YES;
				CLANG_WARN__DUPLICATE_METHOD_MATCH = YES;
				COPY_PHASE_STRIP = NO;
				DEBUG_INFORMATION_FORMAT = "dwarf-with-dsym";
				ENABLE_NS_ASSERTIONS = NO;
				ENABLE_STRICT_OBJC_MSGSEND = YES;
				GCC_C_LANGUAGE_STANDARD = gnu11;
				GCC_NO_COMMON_BLOCKS = YES;
				GCC_WARN_64_TO_32_BIT_CONVERSION = YES;
				GCC_WARN_ABOUT_RETURN_TYPE = YES_ERROR;
				GCC_WARN_UNDECLARED_SELECTOR = YES;
				GCC_WARN_UNINITIALIZED_AUTOS = YES_AGGRESSIVE;
				GCC_WARN_UNUSED_FUNCTION = YES;
				GCC_WARN_UNUSED_VARIABLE = YES;
				IPHONEOS_DEPLOYMENT_TARGET = 16.4;
				MTL_ENABLE_DEBUG_INFO = NO;
				MTL_FAST_MATH = YES;
				SDKROOT = iphoneos;
				SWIFT_COMPILATION_MODE = wholemodule;
				SWIFT_OPTIMIZATION_LEVEL = "-O";
				VALIDATE_PRODUCT = YES;
			};
			name = Release;
		};
		2ABD32F22A944E2A00E08D5E /* Debug */ = {
			isa = XCBuildConfiguration;
			buildSettings = {
				ASSETCATALOG_COMPILER_APPICON_NAME = AppIcon;
				ASSETCATALOG_COMPILER_GLOBAL_ACCENT_COLOR_NAME = AccentColor;
				CODE_SIGN_STYLE = Automatic;
				CURRENT_PROJECT_VERSION = 1;
				DEVELOPMENT_ASSET_PATHS = "\"MetaSwiftUI/Preview Content\"";
				DEVELOPMENT_TEAM = R97P94E2EN;
				ENABLE_PREVIEWS = YES;
				GENERATE_INFOPLIST_FILE = YES;
				INFOPLIST_KEY_UIApplicationSceneManifest_Generation = YES;
				INFOPLIST_KEY_UIApplicationSupportsIndirectInputEvents = YES;
				INFOPLIST_KEY_UILaunchScreen_Generation = YES;
				INFOPLIST_KEY_UISupportedInterfaceOrientations_iPad = "UIInterfaceOrientationPortrait UIInterfaceOrientationPortraitUpsideDown UIInterfaceOrientationLandscapeLeft UIInterfaceOrientationLandscapeRight";
				INFOPLIST_KEY_UISupportedInterfaceOrientations_iPhone = "UIInterfaceOrientationPortrait UIInterfaceOrientationLandscapeLeft UIInterfaceOrientationLandscapeRight";
				IPHONEOS_DEPLOYMENT_TARGET = 15.0;
				LD_RUNPATH_SEARCH_PATHS = (
					"$(inherited)",
					"@executable_path/Frameworks",
				);
				MARKETING_VERSION = 1.0;
				PRODUCT_BUNDLE_IDENTIFIER = com.learnfirebaseinswiftui.MetaSwiftUI;
				PRODUCT_NAME = "$(TARGET_NAME)";
				SWIFT_EMIT_LOC_STRINGS = YES;
				SWIFT_VERSION = 5.0;
				TARGETED_DEVICE_FAMILY = "1,2";
			};
			name = Debug;
		};
		2ABD32F32A944E2A00E08D5E /* Release */ = {
			isa = XCBuildConfiguration;
			buildSettings = {
				ASSETCATALOG_COMPILER_APPICON_NAME = AppIcon;
				ASSETCATALOG_COMPILER_GLOBAL_ACCENT_COLOR_NAME = AccentColor;
				CODE_SIGN_STYLE = Automatic;
				CURRENT_PROJECT_VERSION = 1;
				DEVELOPMENT_ASSET_PATHS = "\"MetaSwiftUI/Preview Content\"";
				DEVELOPMENT_TEAM = R97P94E2EN;
				ENABLE_PREVIEWS = YES;
				GENERATE_INFOPLIST_FILE = YES;
				INFOPLIST_KEY_UIApplicationSceneManifest_Generation = YES;
				INFOPLIST_KEY_UIApplicationSupportsIndirectInputEvents = YES;
				INFOPLIST_KEY_UILaunchScreen_Generation = YES;
				INFOPLIST_KEY_UISupportedInterfaceOrientations_iPad = "UIInterfaceOrientationPortrait UIInterfaceOrientationPortraitUpsideDown UIInterfaceOrientationLandscapeLeft UIInterfaceOrientationLandscapeRight";
				INFOPLIST_KEY_UISupportedInterfaceOrientations_iPhone = "UIInterfaceOrientationPortrait UIInterfaceOrientationLandscapeLeft UIInterfaceOrientationLandscapeRight";
				IPHONEOS_DEPLOYMENT_TARGET = 15.0;
				LD_RUNPATH_SEARCH_PATHS = (
					"$(inherited)",
					"@executable_path/Frameworks",
				);
				MARKETING_VERSION = 1.0;
				PRODUCT_BUNDLE_IDENTIFIER = com.learnfirebaseinswiftui.MetaSwiftUI;
				PRODUCT_NAME = "$(TARGET_NAME)";
				SWIFT_EMIT_LOC_STRINGS = YES;
				SWIFT_VERSION = 5.0;
				TARGETED_DEVICE_FAMILY = "1,2";
			};
			name = Release;
		};
/* End XCBuildConfiguration section */

/* Begin XCConfigurationList section */
		2ABD32DE2A944E2900E08D5E /* Build configuration list for PBXProject "MetaSwiftUI" */ = {
			isa = XCConfigurationList;
			buildConfigurations = (
				2ABD32EF2A944E2A00E08D5E /* Debug */,
				2ABD32F02A944E2A00E08D5E /* Release */,
			);
			defaultConfigurationIsVisible = 0;
			defaultConfigurationName = Release;
		};
		2ABD32F12A944E2A00E08D5E /* Build configuration list for PBXNativeTarget "MetaSwiftUI" */ = {
			isa = XCConfigurationList;
			buildConfigurations = (
				2ABD32F22A944E2A00E08D5E /* Debug */,
				2ABD32F32A944E2A00E08D5E /* Release */,
			);
			defaultConfigurationIsVisible = 0;
			defaultConfigurationName = Release;
		};
/* End XCConfigurationList section */

/* Begin XCRemoteSwiftPackageReference section */
		2A439AB62A94527400325524 /* XCRemoteSwiftPackageReference "metamask-ios-sdk" */ = {
			isa = XCRemoteSwiftPackageReference;
			repositoryURL = "https://github.com/MetaMask/metamask-ios-sdk";
			requirement = {
				kind = upToNextMinorVersion;
				minimumVersion = 0.2.0;
			};
		};
		2A439ABD2A94555800325524 /* XCRemoteSwiftPackageReference "Starscream" */ = {
			isa = XCRemoteSwiftPackageReference;
			repositoryURL = "https://github.com/daltoniam/Starscream.git";
			requirement = {
				kind = exactVersion;
				version = 4.0.4;
			};
		};
/* End XCRemoteSwiftPackageReference section */

/* Begin XCSwiftPackageProductDependency section */
		2A439AB72A94527400325524 /* metamask-ios-sdk */ = {
			isa = XCSwiftPackageProductDependency;
			package = 2A439AB62A94527400325524 /* XCRemoteSwiftPackageReference "metamask-ios-sdk" */;
			productName = "metamask-ios-sdk";
		};
		2A439ABE2A94555800325524 /* Starscream */ = {
			isa = XCSwiftPackageProductDependency;
			package = 2A439ABD2A94555800325524 /* XCRemoteSwiftPackageReference "Starscream" */;
			productName = Starscream;
		};
/* End XCSwiftPackageProductDependency section */
	};
	rootObject = 2ABD32DB2A944E2900E08D5E /* Project object */;
}
